
Microsoft Visual Studio Solution File, Format Version 12.00
# Visual Studio 15
VisualStudioVersion = 15.0.28307.136
MinimumVisualStudioVersion = 10.0.40219.1
Project("{FAE04EC0-301F-11D3-BF4B-00C04F79EFBC}") = "WinformKrushi2", "WinformKrushi2\WinformKrushi2.csproj", "{FD6E3C7E-DE19-4B09-9EF4-F40A97AEF936}"
EndProject
Global
	GlobalSection(SolutionConfigurationPlatforms) = preSolution
		Debug|Any CPU = Debug|Any CPU
		Release|Any CPU = Release|Any CPU
	EndGlobalSection
	GlobalSection(ProjectConfigurationPlatforms) = postSolution
		{FD6E3C7E-DE19-4B09-9EF4-F40A97AEF936}.Debug|Any CPU.ActiveCfg = Debug|Any CPU
		{FD6E3C7E-DE19-4B09-9EF4-F40A97AEF936}.Debug|Any CPU.Build.0 = Debug|Any CPU
		{FD6E3C7E-DE19-4B09-9EF4-F40A97AEF936}.Release|Any CPU.ActiveCfg = Release|Any CPU
		{FD6E3C7E-DE19-4B09-9EF4-F40A97AEF936}.Release|Any CPU.Build.0 = Release|Any CPU
	EndGlobalSection
	GlobalSection(SolutionProperties) = preSolution
		HideSolutionNode = FALSE
	EndGlobalSection
	GlobalSection(ExtensibilityGlobals) = postSolution
		SolutionGuid = {959CD2F4-8196-488D-AA84-31D5A04C75B7}
	EndGlobalSection
EndGlobal
